
Microsoft Visual Studio Solution File, Format Version 12.00
# Visual Studio Version 17
VisualStudioVersion = 17.2.32616.157
MinimumVisualStudioVersion = 10.0.40219.1
Project("{2150E333-8FDC-42A3-9474-1A3956D46DE8}") = "src", "src", "{AF8433BD-F329-400C-B396-0C9992BC3F89}"
EndProject
Project("{2150E333-8FDC-42A3-9474-1A3956D46DE8}") = "Api", "Api", "{CFCD9838-B0DD-4B08-80CD-627219DB091D}"
EndProject
Project("{2150E333-8FDC-42A3-9474-1A3956D46DE8}") = "Clients", "Clients", "{1DA843EB-80F1-4507-B935-DBE52AF5133F}"
EndProject
Project("{2150E333-8FDC-42A3-9474-1A3956D46DE8}") = "Common", "Common", "{07E99F44-3398-45BE-9A45-137C6A09350F}"
EndProject
Project("{FAE04EC0-301F-11D3-BF4B-00C04F79EFBC}") = "BlazorSozluk.Common", "src\Common\BlazorSozluk.Common\BlazorSozluk.Common.csproj", "{98570BD1-E513-47C1-92FA-C53AA58CED01}"
EndProject
Project("{2150E333-8FDC-42A3-9474-1A3956D46DE8}") = "Core", "Core", "{ED80D069-E2A8-4AA3-AD47-C0F5CF2E568A}"
EndProject
Project("{2150E333-8FDC-42A3-9474-1A3956D46DE8}") = "Infrasructure", "Infrasructure", "{CC4122E8-9400-48C4-B91E-33CDACBB2EF7}"
EndProject
Project("{2150E333-8FDC-42A3-9474-1A3956D46DE8}") = "Presentation", "Presentation", "{D42FB6EE-8D54-4AC7-A188-9BB3F8A59B14}"
EndProject
Project("{FAE04EC0-301F-11D3-BF4B-00C04F79EFBC}") = "BlazorSozluk.Api.Domain", "src\Api\Core\BlazorSozluk.Api.Domain\BlazorSozluk.Api.Domain.csproj", "{DC231FCF-10C3-4282-B4C3-76C2C201FA11}"
EndProject
Project("{FAE04EC0-301F-11D3-BF4B-00C04F79EFBC}") = "BlazorSozluk.Api.Application", "src\Api\Core\BlazorSozluk.Api.Application\BlazorSozluk.Api.Application.csproj", "{3747D3BF-084B-4624-809C-D93BF7530B79}"
EndProject
Project("{FAE04EC0-301F-11D3-BF4B-00C04F79EFBC}") = "BlazorSozluk.Infrastaucture.Persistence", "src\Api\Infrastructure\BlazorSozluk.Infrastaucture.Persistence\BlazorSozluk.Infrastaucture.Persistence.csproj", "{A7F4B20F-1A07-4B56-9662-5BAF763804B0}"
EndProject
Project("{FAE04EC0-301F-11D3-BF4B-00C04F79EFBC}") = "BlazorSozluk.Api.WebApi", "src\Api\Presentation\BlazorSozluk.Api.WebApi\BlazorSozluk.Api.WebApi.csproj", "{B2E4A43D-8A91-4FEE-BD65-43CC422979F2}"
EndProject
Project("{2150E333-8FDC-42A3-9474-1A3956D46DE8}") = "BlazorWeb", "BlazorWeb", "{F56D4516-A813-4C1D-9703-3466FD8E28B3}"
EndProject
Project("{2150E333-8FDC-42A3-9474-1A3956D46DE8}") = "Projections", "Projections", "{7A63BD44-1440-4F25-AEA2-B7D504ACC57B}"
EndProject
Project("{FAE04EC0-301F-11D3-BF4B-00C04F79EFBC}") = "BlazorSozluk.Projections.FavoriteService", "src\Projections\BlazorSozluk.Projections.FavoriteService\BlazorSozluk.Projections.FavoriteService.csproj", "{6C2526B1-63A5-40E9-9786-D14738F6DCCA}"
EndProject
Project("{FAE04EC0-301F-11D3-BF4B-00C04F79EFBC}") = "BlazorSozluk.Projections.UserService", "src\Projections\BlazorSozluk.Projections.UserService\BlazorSozluk.Projections.UserService.csproj", "{B5F9A2E7-29C4-4CCA-95D4-9E4E977B5493}"
EndProject
Project("{FAE04EC0-301F-11D3-BF4B-00C04F79EFBC}") = "Blazorsozluk.Projections.VoteService", "src\Projections\Blazorsozluk.Projections.VoteService\Blazorsozluk.Projections.VoteService.csproj", "{BBF66C4B-85B3-4B21-BC6C-8F1678B7BDF3}"
EndProject
Project("{FAE04EC0-301F-11D3-BF4B-00C04F79EFBC}") = "BlazorSozluk.WebApp", "src\Clients\BlazorWeb\BlazorSozluk.WebApp\BlazorSozluk.WebApp.csproj", "{BBFD9F94-A06C-41DB-8654-C3C819DFAB4E}"
EndProject
Global
	GlobalSection(SolutionConfigurationPlatforms) = preSolution
		Debug|Any CPU = Debug|Any CPU
		Release|Any CPU = Release|Any CPU
	EndGlobalSection
	GlobalSection(ProjectConfigurationPlatforms) = postSolution
		{98570BD1-E513-47C1-92FA-C53AA58CED01}.Debug|Any CPU.ActiveCfg = Debug|Any CPU
		{98570BD1-E513-47C1-92FA-C53AA58CED01}.Debug|Any CPU.Build.0 = Debug|Any CPU
		{98570BD1-E513-47C1-92FA-C53AA58CED01}.Release|Any CPU.ActiveCfg = Release|Any CPU
		{98570BD1-E513-47C1-92FA-C53AA58CED01}.Release|Any CPU.Build.0 = Release|Any CPU
		{DC231FCF-10C3-4282-B4C3-76C2C201FA11}.Debug|Any CPU.ActiveCfg = Debug|Any CPU
		{DC231FCF-10C3-4282-B4C3-76C2C201FA11}.Debug|Any CPU.Build.0 = Debug|Any CPU
		{DC231FCF-10C3-4282-B4C3-76C2C201FA11}.Release|Any CPU.ActiveCfg = Release|Any CPU
		{DC231FCF-10C3-4282-B4C3-76C2C201FA11}.Release|Any CPU.Build.0 = Release|Any CPU
		{3747D3BF-084B-4624-809C-D93BF7530B79}.Debug|Any CPU.ActiveCfg = Debug|Any CPU
		{3747D3BF-084B-4624-809C-D93BF7530B79}.Debug|Any CPU.Build.0 = Debug|Any CPU
		{3747D3BF-084B-4624-809C-D93BF7530B79}.Release|Any CPU.ActiveCfg = Release|Any CPU
		{3747D3BF-084B-4624-809C-D93BF7530B79}.Release|Any CPU.Build.0 = Release|Any CPU
		{A7F4B20F-1A07-4B56-9662-5BAF763804B0}.Debug|Any CPU.ActiveCfg = Debug|Any CPU
		{A7F4B20F-1A07-4B56-9662-5BAF763804B0}.Debug|Any CPU.Build.0 = Debug|Any CPU
		{A7F4B20F-1A07-4B56-9662-5BAF763804B0}.Release|Any CPU.ActiveCfg = Release|Any CPU
		{A7F4B20F-1A07-4B56-9662-5BAF763804B0}.Release|Any CPU.Build.0 = Release|Any CPU
		{B2E4A43D-8A91-4FEE-BD65-43CC422979F2}.Debug|Any CPU.ActiveCfg = Debug|Any CPU
		{B2E4A43D-8A91-4FEE-BD65-43CC422979F2}.Debug|Any CPU.Build.0 = Debug|Any CPU
		{B2E4A43D-8A91-4FEE-BD65-43CC422979F2}.Release|Any CPU.ActiveCfg = Release|Any CPU
		{B2E4A43D-8A91-4FEE-BD65-43CC422979F2}.Release|Any CPU.Build.0 = Release|Any CPU
		{6C2526B1-63A5-40E9-9786-D14738F6DCCA}.Debug|Any CPU.ActiveCfg = Debug|Any CPU
		{6C2526B1-63A5-40E9-9786-D14738F6DCCA}.Debug|Any CPU.Build.0 = Debug|Any CPU
		{6C2526B1-63A5-40E9-9786-D14738F6DCCA}.Release|Any CPU.ActiveCfg = Release|Any CPU
		{6C2526B1-63A5-40E9-9786-D14738F6DCCA}.Release|Any CPU.Build.0 = Release|Any CPU
		{B5F9A2E7-29C4-4CCA-95D4-9E4E977B5493}.Debug|Any CPU.ActiveCfg = Debug|Any CPU
		{B5F9A2E7-29C4-4CCA-95D4-9E4E977B5493}.Debug|Any CPU.Build.0 = Debug|Any CPU
		{B5F9A2E7-29C4-4CCA-95D4-9E4E977B5493}.Release|Any CPU.ActiveCfg = Release|Any CPU
		{B5F9A2E7-29C4-4CCA-95D4-9E4E977B5493}.Release|Any CPU.Build.0 = Release|Any CPU
		{BBF66C4B-85B3-4B21-BC6C-8F1678B7BDF3}.Debug|Any CPU.ActiveCfg = Debug|Any CPU
		{BBF66C4B-85B3-4B21-BC6C-8F1678B7BDF3}.Debug|Any CPU.Build.0 = Debug|Any CPU
		{BBF66C4B-85B3-4B21-BC6C-8F1678B7BDF3}.Release|Any CPU.ActiveCfg = Release|Any CPU
		{BBF66C4B-85B3-4B21-BC6C-8F1678B7BDF3}.Release|Any CPU.Build.0 = Release|Any CPU
		{BBFD9F94-A06C-41DB-8654-C3C819DFAB4E}.Debug|Any CPU.ActiveCfg = Debug|Any CPU
		{BBFD9F94-A06C-41DB-8654-C3C819DFAB4E}.Debug|Any CPU.Build.0 = Debug|Any CPU
		{BBFD9F94-A06C-41DB-8654-C3C819DFAB4E}.Release|Any CPU.ActiveCfg = Release|Any CPU
		{BBFD9F94-A06C-41DB-8654-C3C819DFAB4E}.Release|Any CPU.Build.0 = Release|Any CPU
	EndGlobalSection
	GlobalSection(SolutionProperties) = preSolution
		HideSolutionNode = FALSE
	EndGlobalSection
	GlobalSection(NestedProjects) = preSolution
		{CFCD9838-B0DD-4B08-80CD-627219DB091D} = {AF8433BD-F329-400C-B396-0C9992BC3F89}
		{1DA843EB-80F1-4507-B935-DBE52AF5133F} = {AF8433BD-F329-400C-B396-0C9992BC3F89}
		{07E99F44-3398-45BE-9A45-137C6A09350F} = {AF8433BD-F329-400C-B396-0C9992BC3F89}
		{98570BD1-E513-47C1-92FA-C53AA58CED01} = {07E99F44-3398-45BE-9A45-137C6A09350F}
		{ED80D069-E2A8-4AA3-AD47-C0F5CF2E568A} = {CFCD9838-B0DD-4B08-80CD-627219DB091D}
		{CC4122E8-9400-48C4-B91E-33CDACBB2EF7} = {CFCD9838-B0DD-4B08-80CD-627219DB091D}
		{D42FB6EE-8D54-4AC7-A188-9BB3F8A59B14} = {CFCD9838-B0DD-4B08-80CD-627219DB091D}
		{DC231FCF-10C3-4282-B4C3-76C2C201FA11} = {ED80D069-E2A8-4AA3-AD47-C0F5CF2E568A}
		{3747D3BF-084B-4624-809C-D93BF7530B79} = {ED80D069-E2A8-4AA3-AD47-C0F5CF2E568A}
		{A7F4B20F-1A07-4B56-9662-5BAF763804B0} = {CC4122E8-9400-48C4-B91E-33CDACBB2EF7}
		{B2E4A43D-8A91-4FEE-BD65-43CC422979F2} = {D42FB6EE-8D54-4AC7-A188-9BB3F8A59B14}
		{F56D4516-A813-4C1D-9703-3466FD8E28B3} = {1DA843EB-80F1-4507-B935-DBE52AF5133F}
		{7A63BD44-1440-4F25-AEA2-B7D504ACC57B} = {AF8433BD-F329-400C-B396-0C9992BC3F89}
		{6C2526B1-63A5-40E9-9786-D14738F6DCCA} = {7A63BD44-1440-4F25-AEA2-B7D504ACC57B}
		{B5F9A2E7-29C4-4CCA-95D4-9E4E977B5493} = {7A63BD44-1440-4F25-AEA2-B7D504ACC57B}
		{BBF66C4B-85B3-4B21-BC6C-8F1678B7BDF3} = {7A63BD44-1440-4F25-AEA2-B7D504ACC57B}
		{BBFD9F94-A06C-41DB-8654-C3C819DFAB4E} = {F56D4516-A813-4C1D-9703-3466FD8E28B3}
	EndGlobalSection
	GlobalSection(ExtensibilityGlobals) = postSolution
		SolutionGuid = {CFCE7D94-6F49-42A6-8335-EA3387B8C4CF}
	EndGlobalSection
EndGlobal
